
Microsoft Visual Studio Solution File, Format Version 12.00
# Visual Studio Version 17
VisualStudioVersion = 17.8.34309.116
MinimumVisualStudioVersion = 10.0.40219.1
Project("{FAE04EC0-301F-11D3-BF4B-00C04F79EFBC}") = "Aryaans Hotel Booking", "Aryaans Hotel Booking\Aryaans Hotel Booking.csproj", "{AFEAAC36-ABFC-4D06-BFC9-569821C6A40C}"
EndProject
Global
	GlobalSection(SolutionConfigurationPlatforms) = preSolution
		Debug|Any CPU = Debug|Any CPU
		Release|Any CPU = Release|Any CPU
	EndGlobalSection
	GlobalSection(ProjectConfigurationPlatforms) = postSolution
		{AFEAAC36-ABFC-4D06-BFC9-569821C6A40C}.Debug|Any CPU.ActiveCfg = Debug|Any CPU
		{AFEAAC36-ABFC-4D06-BFC9-569821C6A40C}.Debug|Any CPU.Build.0 = Debug|Any CPU
		{AFEAAC36-ABFC-4D06-BFC9-569821C6A40C}.Release|Any CPU.ActiveCfg = Release|Any CPU
		{AFEAAC36-ABFC-4D06-BFC9-569821C6A40C}.Release|Any CPU.Build.0 = Release|Any CPU
	EndGlobalSection
	GlobalSection(SolutionProperties) = preSolution
		HideSolutionNode = FALSE
	EndGlobalSection
	GlobalSection(ExtensibilityGlobals) = postSolution
		SolutionGuid = {7A7A08C7-14AF-4037-B610-DB447B634FCB}
	EndGlobalSection
EndGlobal
